// !$*UTF8*$!
{
	archiveVersion = 1;
	classes = {
	};
	objectVersion = 46;
	objects = {

/* Begin PBXBuildFile section */
		4F2ACB5A1D24F09A00F4F7FE /* AppDelegate.swift in Sources */ = {isa = PBXBuildFile; fileRef = 4F2ACB591D24F09A00F4F7FE /* AppDelegate.swift */; };
		4F2ACB5C1D24F09A00F4F7FE /* ViewController.swift in Sources */ = {isa = PBXBuildFile; fileRef = 4F2ACB5B1D24F09A00F4F7FE /* ViewController.swift */; };
		4F2ACB5F1D24F09A00F4F7FE /* Main.storyboard in Resources */ = {isa = PBXBuildFile; fileRef = 4F2ACB5D1D24F09A00F4F7FE /* Main.storyboard */; };
		4F2ACB611D24F09A00F4F7FE /* Assets.xcassets in Resources */ = {isa = PBXBuildFile; fileRef = 4F2ACB601D24F09A00F4F7FE /* Assets.xcassets */; };
		4F2ACB641D24F09A00F4F7FE /* LaunchScreen.storyboard in Resources */ = {isa = PBXBuildFile; fileRef = 4F2ACB621D24F09A00F4F7FE /* LaunchScreen.storyboard */; };
		4F2ACB6F1D24F09A00F4F7FE /* HashableDemoTests.swift in Sources */ = {isa = PBXBuildFile; fileRef = 4F2ACB6E1D24F09A00F4F7FE /* HashableDemoTests.swift */; };
		4F2ACB7A1D24F09A00F4F7FE /* HashableDemoUITests.swift in Sources */ = {isa = PBXBuildFile; fileRef = 4F2ACB791D24F09A00F4F7FE /* HashableDemoUITests.swift */; };
		4F2ACB8F1D24F0A300F4F7FE /* Hashable.h in Headers */ = {isa = PBXBuildFile; fileRef = 4F2ACB8E1D24F0A300F4F7FE /* Hashable.h */; settings = {ATTRIBUTES = (Public, ); }; };
		4F2ACB961D24F0A300F4F7FE /* Hashable.framework in Frameworks */ = {isa = PBXBuildFile; fileRef = 4F2ACB8C1D24F0A300F4F7FE /* Hashable.framework */; };
		4F2ACB9D1D24F0A300F4F7FE /* HashableTests.swift in Sources */ = {isa = PBXBuildFile; fileRef = 4F2ACB9C1D24F0A300F4F7FE /* HashableTests.swift */; };
		4F2ACBA11D24F0A300F4F7FE /* Hashable.framework in Frameworks */ = {isa = PBXBuildFile; fileRef = 4F2ACB8C1D24F0A300F4F7FE /* Hashable.framework */; };
		4F2ACBA21D24F0A300F4F7FE /* Hashable.framework in Embed Frameworks */ = {isa = PBXBuildFile; fileRef = 4F2ACB8C1D24F0A300F4F7FE /* Hashable.framework */; settings = {ATTRIBUTES = (CodeSignOnCopy, RemoveHeadersOnCopy, ); }; };
		4F2ACBAD1D24F0BE00F4F7FE /* Hashable.swift in Sources */ = {isa = PBXBuildFile; fileRef = 4F2ACBAB1D24F0BE00F4F7FE /* Hashable.swift */; };
/* End PBXBuildFile section */

/* Begin PBXContainerItemProxy section */
		4F2ACB6B1D24F09A00F4F7FE /* PBXContainerItemProxy */ = {
			isa = PBXContainerItemProxy;
			containerPortal = 4F2ACB4E1D24F09900F4F7FE /* Project object */;
			proxyType = 1;
			remoteGlobalIDString = 4F2ACB551D24F09900F4F7FE;
			remoteInfo = HashableDemo;
		};
		4F2ACB761D24F09A00F4F7FE /* PBXContainerItemProxy */ = {
			isa = PBXContainerItemProxy;
			containerPortal = 4F2ACB4E1D24F09900F4F7FE /* Project object */;
			proxyType = 1;
			remoteGlobalIDString = 4F2ACB551D24F09900F4F7FE;
			remoteInfo = HashableDemo;
		};
		4F2ACB971D24F0A300F4F7FE /* PBXContainerItemProxy */ = {
			isa = PBXContainerItemProxy;
			containerPortal = 4F2ACB4E1D24F09900F4F7FE /* Project object */;
			proxyType = 1;
			remoteGlobalIDString = 4F2ACB8B1D24F0A300F4F7FE;
			remoteInfo = Hashable;
		};
		4F2ACB991D24F0A300F4F7FE /* PBXContainerItemProxy */ = {
			isa = PBXContainerItemProxy;
			containerPortal = 4F2ACB4E1D24F09900F4F7FE /* Project object */;
			proxyType = 1;
			remoteGlobalIDString = 4F2ACB551D24F09900F4F7FE;
			remoteInfo = HashableDemo;
		};
		4F2ACB9F1D24F0A300F4F7FE /* PBXContainerItemProxy */ = {
			isa = PBXContainerItemProxy;
			containerPortal = 4F2ACB4E1D24F09900F4F7FE /* Project object */;
			proxyType = 1;
			remoteGlobalIDString = 4F2ACB8B1D24F0A300F4F7FE;
			remoteInfo = Hashable;
		};
/* End PBXContainerItemProxy section */

/* Begin PBXCopyFilesBuildPhase section */
		4F2ACBA61D24F0A400F4F7FE /* Embed Frameworks */ = {
			isa = PBXCopyFilesBuildPhase;
			buildActionMask = 2147483647;
			dstPath = "";
			dstSubfolderSpec = 10;
			files = (
				4F2ACBA21D24F0A300F4F7FE /* Hashable.framework in Embed Frameworks */,
			);
			name = "Embed Frameworks";
			runOnlyForDeploymentPostprocessing = 0;
		};
/* End PBXCopyFilesBuildPhase section */

/* Begin PBXFileReference section */
		4F2ACB561D24F09A00F4F7FE /* HashableDemo.app */ = {isa = PBXFileReference; explicitFileType = wrapper.application; includeInIndex = 0; path = HashableDemo.app; sourceTree = BUILT_PRODUCTS_DIR; };
		4F2ACB591D24F09A00F4F7FE /* AppDelegate.swift */ = {isa = PBXFileReference; lastKnownFileType = sourcecode.swift; path = AppDelegate.swift; sourceTree = "<group>"; };
		4F2ACB5B1D24F09A00F4F7FE /* ViewController.swift */ = {isa = PBXFileReference; lastKnownFileType = sourcecode.swift; path = ViewController.swift; sourceTree = "<group>"; };
		4F2ACB5E1D24F09A00F4F7FE /* Base */ = {isa = PBXFileReference; lastKnownFileType = file.storyboard; name = Base; path = Base.lproj/Main.storyboard; sourceTree = "<group>"; };
		4F2ACB601D24F09A00F4F7FE /* Assets.xcassets */ = {isa = PBXFileReference; lastKnownFileType = folder.assetcatalog; path = Assets.xcassets; sourceTree = "<group>"; };
		4F2ACB631D24F09A00F4F7FE /* Base */ = {isa = PBXFileReference; lastKnownFileType = file.storyboard; name = Base; path = Base.lproj/LaunchScreen.storyboard; sourceTree = "<group>"; };
		4F2ACB651D24F09A00F4F7FE /* Info.plist */ = {isa = PBXFileReference; lastKnownFileType = text.plist.xml; path = Info.plist; sourceTree = "<group>"; };
		4F2ACB6A1D24F09A00F4F7FE /* HashableDemoTests.xctest */ = {isa = PBXFileReference; explicitFileType = wrapper.cfbundle; includeInIndex = 0; path = HashableDemoTests.xctest; sourceTree = BUILT_PRODUCTS_DIR; };
		4F2ACB6E1D24F09A00F4F7FE /* HashableDemoTests.swift */ = {isa = PBXFileReference; lastKnownFileType = sourcecode.swift; path = HashableDemoTests.swift; sourceTree = "<group>"; };
		4F2ACB701D24F09A00F4F7FE /* Info.plist */ = {isa = PBXFileReference; lastKnownFileType = text.plist.xml; path = Info.plist; sourceTree = "<group>"; };
		4F2ACB751D24F09A00F4F7FE /* HashableDemoUITests.xctest */ = {isa = PBXFileReference; explicitFileType = wrapper.cfbundle; includeInIndex = 0; path = HashableDemoUITests.xctest; sourceTree = BUILT_PRODUCTS_DIR; };
		4F2ACB791D24F09A00F4F7FE /* HashableDemoUITests.swift */ = {isa = PBXFileReference; lastKnownFileType = sourcecode.swift; path = HashableDemoUITests.swift; sourceTree = "<group>"; };
		4F2ACB7B1D24F09A00F4F7FE /* Info.plist */ = {isa = PBXFileReference; lastKnownFileType = text.plist.xml; path = Info.plist; sourceTree = "<group>"; };
		4F2ACB8C1D24F0A300F4F7FE /* Hashable.framework */ = {isa = PBXFileReference; explicitFileType = wrapper.framework; includeInIndex = 0; path = Hashable.framework; sourceTree = BUILT_PRODUCTS_DIR; };
		4F2ACB8E1D24F0A300F4F7FE /* Hashable.h */ = {isa = PBXFileReference; lastKnownFileType = sourcecode.c.h; path = Hashable.h; sourceTree = "<group>"; };
		4F2ACB901D24F0A300F4F7FE /* Info.plist */ = {isa = PBXFileReference; lastKnownFileType = text.plist.xml; path = Info.plist; sourceTree = "<group>"; };
		4F2ACB951D24F0A300F4F7FE /* HashableTests.xctest */ = {isa = PBXFileReference; explicitFileType = wrapper.cfbundle; includeInIndex = 0; path = HashableTests.xctest; sourceTree = BUILT_PRODUCTS_DIR; };
		4F2ACB9C1D24F0A300F4F7FE /* HashableTests.swift */ = {isa = PBXFileReference; lastKnownFileType = sourcecode.swift; path = HashableTests.swift; sourceTree = "<group>"; };
		4F2ACB9E1D24F0A300F4F7FE /* Info.plist */ = {isa = PBXFileReference; lastKnownFileType = text.plist.xml; path = Info.plist; sourceTree = "<group>"; };
		4F2ACBAB1D24F0BE00F4F7FE /* Hashable.swift */ = {isa = PBXFileReference; fileEncoding = 4; lastKnownFileType = sourcecode.swift; path = Hashable.swift; sourceTree = "<group>"; };
/* End PBXFileReference section */

/* Begin PBXFrameworksBuildPhase section */
		4F2ACB531D24F09900F4F7FE /* Frameworks */ = {
			isa = PBXFrameworksBuildPhase;
			buildActionMask = 2147483647;
			files = (
				4F2ACBA11D24F0A300F4F7FE /* Hashable.framework in Frameworks */,
			);
			runOnlyForDeploymentPostprocessing = 0;
		};
		4F2ACB671D24F09A00F4F7FE /* Frameworks */ = {
			isa = PBXFrameworksBuildPhase;
			buildActionMask = 2147483647;
			files = (
			);
			runOnlyForDeploymentPostprocessing = 0;
		};
		4F2ACB721D24F09A00F4F7FE /* Frameworks */ = {
			isa = PBXFrameworksBuildPhase;
			buildActionMask = 2147483647;
			files = (
			);
			runOnlyForDeploymentPostprocessing = 0;
		};
		4F2ACB881D24F0A300F4F7FE /* Frameworks */ = {
			isa = PBXFrameworksBuildPhase;
			buildActionMask = 2147483647;
			files = (
			);
			runOnlyForDeploymentPostprocessing = 0;
		};
		4F2ACB921D24F0A300F4F7FE /* Frameworks */ = {
			isa = PBXFrameworksBuildPhase;
			buildActionMask = 2147483647;
			files = (
				4F2ACB961D24F0A300F4F7FE /* Hashable.framework in Frameworks */,
			);
			runOnlyForDeploymentPostprocessing = 0;
		};
/* End PBXFrameworksBuildPhase section */

/* Begin PBXGroup section */
		4F2ACB4D1D24F09900F4F7FE = {
			isa = PBXGroup;
			children = (
				4F2ACBAA1D24F0AA00F4F7FE /* Sources */,
				4F2ACB581D24F09A00F4F7FE /* HashableDemo */,
				4F2ACB6D1D24F09A00F4F7FE /* HashableDemoTests */,
				4F2ACB781D24F09A00F4F7FE /* HashableDemoUITests */,
				4F2ACB8D1D24F0A300F4F7FE /* Hashable */,
				4F2ACB9B1D24F0A300F4F7FE /* HashableTests */,
				4F2ACB571D24F09A00F4F7FE /* Products */,
			);
			sourceTree = "<group>";
		};
		4F2ACB571D24F09A00F4F7FE /* Products */ = {
			isa = PBXGroup;
			children = (
				4F2ACB561D24F09A00F4F7FE /* HashableDemo.app */,
				4F2ACB6A1D24F09A00F4F7FE /* HashableDemoTests.xctest */,
				4F2ACB751D24F09A00F4F7FE /* HashableDemoUITests.xctest */,
				4F2ACB8C1D24F0A300F4F7FE /* Hashable.framework */,
				4F2ACB951D24F0A300F4F7FE /* HashableTests.xctest */,
			);
			name = Products;
			sourceTree = "<group>";
		};
		4F2ACB581D24F09A00F4F7FE /* HashableDemo */ = {
			isa = PBXGroup;
			children = (
				4F2ACB591D24F09A00F4F7FE /* AppDelegate.swift */,
				4F2ACB5B1D24F09A00F4F7FE /* ViewController.swift */,
				4F2ACB5D1D24F09A00F4F7FE /* Main.storyboard */,
				4F2ACB601D24F09A00F4F7FE /* Assets.xcassets */,
				4F2ACB621D24F09A00F4F7FE /* LaunchScreen.storyboard */,
				4F2ACB651D24F09A00F4F7FE /* Info.plist */,
			);
			path = HashableDemo;
			sourceTree = "<group>";
		};
		4F2ACB6D1D24F09A00F4F7FE /* HashableDemoTests */ = {
			isa = PBXGroup;
			children = (
				4F2ACB6E1D24F09A00F4F7FE /* HashableDemoTests.swift */,
				4F2ACB701D24F09A00F4F7FE /* Info.plist */,
			);
			path = HashableDemoTests;
			sourceTree = "<group>";
		};
		4F2ACB781D24F09A00F4F7FE /* HashableDemoUITests */ = {
			isa = PBXGroup;
			children = (
				4F2ACB791D24F09A00F4F7FE /* HashableDemoUITests.swift */,
				4F2ACB7B1D24F09A00F4F7FE /* Info.plist */,
			);
			path = HashableDemoUITests;
			sourceTree = "<group>";
		};
		4F2ACB8D1D24F0A300F4F7FE /* Hashable */ = {
			isa = PBXGroup;
			children = (
				4F2ACB8E1D24F0A300F4F7FE /* Hashable.h */,
				4F2ACB901D24F0A300F4F7FE /* Info.plist */,
			);
			path = Hashable;
			sourceTree = "<group>";
		};
		4F2ACB9B1D24F0A300F4F7FE /* HashableTests */ = {
			isa = PBXGroup;
			children = (
				4F2ACB9C1D24F0A300F4F7FE /* HashableTests.swift */,
				4F2ACB9E1D24F0A300F4F7FE /* Info.plist */,
			);
			path = HashableTests;
			sourceTree = "<group>";
		};
		4F2ACBAA1D24F0AA00F4F7FE /* Sources */ = {
			isa = PBXGroup;
			children = (
				4F2ACBAB1D24F0BE00F4F7FE /* Hashable.swift */,
			);
			path = Sources;
			sourceTree = "<group>";
		};
/* End PBXGroup section */

/* Begin PBXHeadersBuildPhase section */
		4F2ACB891D24F0A300F4F7FE /* Headers */ = {
			isa = PBXHeadersBuildPhase;
			buildActionMask = 2147483647;
			files = (
				4F2ACB8F1D24F0A300F4F7FE /* Hashable.h in Headers */,
			);
			runOnlyForDeploymentPostprocessing = 0;
		};
/* End PBXHeadersBuildPhase section */

/* Begin PBXNativeTarget section */
		4F2ACB551D24F09900F4F7FE /* HashableDemo */ = {
			isa = PBXNativeTarget;
			buildConfigurationList = 4F2ACB7E1D24F09A00F4F7FE /* Build configuration list for PBXNativeTarget "HashableDemo" */;
			buildPhases = (
				4F2ACB521D24F09900F4F7FE /* Sources */,
				4F2ACB531D24F09900F4F7FE /* Frameworks */,
				4F2ACB541D24F09900F4F7FE /* Resources */,
				4F2ACBA61D24F0A400F4F7FE /* Embed Frameworks */,
			);
			buildRules = (
			);
			dependencies = (
				4F2ACBA01D24F0A300F4F7FE /* PBXTargetDependency */,
			);
			name = HashableDemo;
			productName = HashableDemo;
			productReference = 4F2ACB561D24F09A00F4F7FE /* HashableDemo.app */;
			productType = "com.apple.product-type.application";
		};
		4F2ACB691D24F09A00F4F7FE /* HashableDemoTests */ = {
			isa = PBXNativeTarget;
			buildConfigurationList = 4F2ACB811D24F09A00F4F7FE /* Build configuration list for PBXNativeTarget "HashableDemoTests" */;
			buildPhases = (
				4F2ACB661D24F09A00F4F7FE /* Sources */,
				4F2ACB671D24F09A00F4F7FE /* Frameworks */,
				4F2ACB681D24F09A00F4F7FE /* Resources */,
			);
			buildRules = (
			);
			dependencies = (
				4F2ACB6C1D24F09A00F4F7FE /* PBXTargetDependency */,
			);
			name = HashableDemoTests;
			productName = HashableDemoTests;
			productReference = 4F2ACB6A1D24F09A00F4F7FE /* HashableDemoTests.xctest */;
			productType = "com.apple.product-type.bundle.unit-test";
		};
		4F2ACB741D24F09A00F4F7FE /* HashableDemoUITests */ = {
			isa = PBXNativeTarget;
			buildConfigurationList = 4F2ACB841D24F09A00F4F7FE /* Build configuration list for PBXNativeTarget "HashableDemoUITests" */;
			buildPhases = (
				4F2ACB711D24F09A00F4F7FE /* Sources */,
				4F2ACB721D24F09A00F4F7FE /* Frameworks */,
				4F2ACB731D24F09A00F4F7FE /* Resources */,
			);
			buildRules = (
			);
			dependencies = (
				4F2ACB771D24F09A00F4F7FE /* PBXTargetDependency */,
			);
			name = HashableDemoUITests;
			productName = HashableDemoUITests;
			productReference = 4F2ACB751D24F09A00F4F7FE /* HashableDemoUITests.xctest */;
			productType = "com.apple.product-type.bundle.ui-testing";
		};
		4F2ACB8B1D24F0A300F4F7FE /* Hashable */ = {
			isa = PBXNativeTarget;
			buildConfigurationList = 4F2ACBA31D24F0A400F4F7FE /* Build configuration list for PBXNativeTarget "Hashable" */;
			buildPhases = (
				4F2ACB871D24F0A300F4F7FE /* Sources */,
				4F2ACB881D24F0A300F4F7FE /* Frameworks */,
				4F2ACB891D24F0A300F4F7FE /* Headers */,
				4F2ACB8A1D24F0A300F4F7FE /* Resources */,
			);
			buildRules = (
			);
			dependencies = (
			);
			name = Hashable;
			productName = Hashable;
			productReference = 4F2ACB8C1D24F0A300F4F7FE /* Hashable.framework */;
			productType = "com.apple.product-type.framework";
		};
		4F2ACB941D24F0A300F4F7FE /* HashableTests */ = {
			isa = PBXNativeTarget;
			buildConfigurationList = 4F2ACBA71D24F0A400F4F7FE /* Build configuration list for PBXNativeTarget "HashableTests" */;
			buildPhases = (
				4F2ACB911D24F0A300F4F7FE /* Sources */,
				4F2ACB921D24F0A300F4F7FE /* Frameworks */,
				4F2ACB931D24F0A300F4F7FE /* Resources */,
			);
			buildRules = (
			);
			dependencies = (
				4F2ACB981D24F0A300F4F7FE /* PBXTargetDependency */,
				4F2ACB9A1D24F0A300F4F7FE /* PBXTargetDependency */,
			);
			name = HashableTests;
			productName = HashableTests;
			productReference = 4F2ACB951D24F0A300F4F7FE /* HashableTests.xctest */;
			productType = "com.apple.product-type.bundle.unit-test";
		};
/* End PBXNativeTarget section */

/* Begin PBXProject section */
		4F2ACB4E1D24F09900F4F7FE /* Project object */ = {
			isa = PBXProject;
			attributes = {
				LastSwiftUpdateCheck = 0730;
				LastUpgradeCheck = 0730;
				ORGANIZATIONNAME = fromKK;
				TargetAttributes = {
					4F2ACB551D24F09900F4F7FE = {
						CreatedOnToolsVersion = 7.3.1;
					};
					4F2ACB691D24F09A00F4F7FE = {
						CreatedOnToolsVersion = 7.3.1;
						TestTargetID = 4F2ACB551D24F09900F4F7FE;
					};
					4F2ACB741D24F09A00F4F7FE = {
						CreatedOnToolsVersion = 7.3.1;
						TestTargetID = 4F2ACB551D24F09900F4F7FE;
					};
					4F2ACB8B1D24F0A300F4F7FE = {
						CreatedOnToolsVersion = 7.3.1;
					};
					4F2ACB941D24F0A300F4F7FE = {
						CreatedOnToolsVersion = 7.3.1;
						TestTargetID = 4F2ACB551D24F09900F4F7FE;
					};
				};
			};
			buildConfigurationList = 4F2ACB511D24F09900F4F7FE /* Build configuration list for PBXProject "HashableDemo" */;
			compatibilityVersion = "Xcode 3.2";
			developmentRegion = English;
			hasScannedForEncodings = 0;
			knownRegions = (
				en,
				Base,
			);
			mainGroup = 4F2ACB4D1D24F09900F4F7FE;
			productRefGroup = 4F2ACB571D24F09A00F4F7FE /* Products */;
			projectDirPath = "";
			projectRoot = "";
			targets = (
				4F2ACB551D24F09900F4F7FE /* HashableDemo */,
				4F2ACB691D24F09A00F4F7FE /* HashableDemoTests */,
				4F2ACB741D24F09A00F4F7FE /* HashableDemoUITests */,
				4F2ACB8B1D24F0A300F4F7FE /* Hashable */,
				4F2ACB941D24F0A300F4F7FE /* HashableTests */,
			);
		};
/* End PBXProject section */

/* Begin PBXResourcesBuildPhase section */
		4F2ACB541D24F09900F4F7FE /* Resources */ = {
			isa = PBXResourcesBuildPhase;
			buildActionMask = 2147483647;
			files = (
				4F2ACB641D24F09A00F4F7FE /* LaunchScreen.storyboard in Resources */,
				4F2ACB611D24F09A00F4F7FE /* Assets.xcassets in Resources */,
				4F2ACB5F1D24F09A00F4F7FE /* Main.storyboard in Resources */,
			);
			runOnlyForDeploymentPostprocessing = 0;
		};
		4F2ACB681D24F09A00F4F7FE /* Resources */ = {
			isa = PBXResourcesBuildPhase;
			buildActionMask = 2147483647;
			files = (
			);
			runOnlyForDeploymentPostprocessing = 0;
		};
		4F2ACB731D24F09A00F4F7FE /* Resources */ = {
			isa = PBXResourcesBuildPhase;
			buildActionMask = 2147483647;
			files = (
			);
			runOnlyForDeploymentPostprocessing = 0;
		};
		4F2ACB8A1D24F0A300F4F7FE /* Resources */ = {
			isa = PBXResourcesBuildPhase;
			buildActionMask = 2147483647;
			files = (
			);
			runOnlyForDeploymentPostprocessing = 0;
		};
		4F2ACB931D24F0A300F4F7FE /* Resources */ = {
			isa = PBXResourcesBuildPhase;
			buildActionMask = 2147483647;
			files = (
			);
			runOnlyForDeploymentPostprocessing = 0;
		};
/* End PBXResourcesBuildPhase section */

/* Begin PBXSourcesBuildPhase section */
		4F2ACB521D24F09900F4F7FE /* Sources */ = {
			isa = PBXSourcesBuildPhase;
			buildActionMask = 2147483647;
			files = (
				4F2ACB5C1D24F09A00F4F7FE /* ViewController.swift in Sources */,
				4F2ACB5A1D24F09A00F4F7FE /* AppDelegate.swift in Sources */,
			);
			runOnlyForDeploymentPostprocessing = 0;
		};
		4F2ACB661D24F09A00F4F7FE /* Sources */ = {
			isa = PBXSourcesBuildPhase;
			buildActionMask = 2147483647;
			files = (
				4F2ACB6F1D24F09A00F4F7FE /* HashableDemoTests.swift in Sources */,
			);
			runOnlyForDeploymentPostprocessing = 0;
		};
		4F2ACB711D24F09A00F4F7FE /* Sources */ = {
			isa = PBXSourcesBuildPhase;
			buildActionMask = 2147483647;
			files = (
				4F2ACB7A1D24F09A00F4F7FE /* HashableDemoUITests.swift in Sources */,
			);
			runOnlyForDeploymentPostprocessing = 0;
		};
		4F2ACB871D24F0A300F4F7FE /* Sources */ = {
			isa = PBXSourcesBuildPhase;
			buildActionMask = 2147483647;
			files = (
				4F2ACBAD1D24F0BE00F4F7FE /* Hashable.swift in Sources */,
			);
			runOnlyForDeploymentPostprocessing = 0;
		};
		4F2ACB911D24F0A300F4F7FE /* Sources */ = {
			isa = PBXSourcesBuildPhase;
			buildActionMask = 2147483647;
			files = (
				4F2ACB9D1D24F0A300F4F7FE /* HashableTests.swift in Sources */,
			);
			runOnlyForDeploymentPostprocessing = 0;
		};
/* End PBXSourcesBuildPhase section */

/* Begin PBXTargetDependency section */
		4F2ACB6C1D24F09A00F4F7FE /* PBXTargetDependency */ = {
			isa = PBXTargetDependency;
			target = 4F2ACB551D24F09900F4F7FE /* HashableDemo */;
			targetProxy = 4F2ACB6B1D24F09A00F4F7FE /* PBXContainerItemProxy */;
		};
		4F2ACB771D24F09A00F4F7FE /* PBXTargetDependency */ = {
			isa = PBXTargetDependency;
			target = 4F2ACB551D24F09900F4F7FE /* HashableDemo */;
			targetProxy = 4F2ACB761D24F09A00F4F7FE /* PBXContainerItemProxy */;
		};
		4F2ACB981D24F0A300F4F7FE /* PBXTargetDependency */ = {
			isa = PBXTargetDependency;
			target = 4F2ACB8B1D24F0A300F4F7FE /* Hashable */;
			targetProxy = 4F2ACB971D24F0A300F4F7FE /* PBXContainerItemProxy */;
		};
		4F2ACB9A1D24F0A300F4F7FE /* PBXTargetDependency */ = {
			isa = PBXTargetDependency;
			target = 4F2ACB551D24F09900F4F7FE /* HashableDemo */;
			targetProxy = 4F2ACB991D24F0A300F4F7FE /* PBXContainerItemProxy */;
		};
		4F2ACBA01D24F0A300F4F7FE /* PBXTargetDependency */ = {
			isa = PBXTargetDependency;
			target = 4F2ACB8B1D24F0A300F4F7FE /* Hashable */;
			targetProxy = 4F2ACB9F1D24F0A300F4F7FE /* PBXContainerItemProxy */;
		};
/* End PBXTargetDependency section */

/* Begin PBXVariantGroup section */
		4F2ACB5D1D24F09A00F4F7FE /* Main.storyboard */ = {
			isa = PBXVariantGroup;
			children = (
				4F2ACB5E1D24F09A00F4F7FE /* Base */,
			);
			name = Main.storyboard;
			sourceTree = "<group>";
		};
		4F2ACB621D24F09A00F4F7FE /* LaunchScreen.storyboard */ = {
			isa = PBXVariantGroup;
			children = (
				4F2ACB631D24F09A00F4F7FE /* Base */,
			);
			name = LaunchScreen.storyboard;
			sourceTree = "<group>";
		};
/* End PBXVariantGroup section */

/* Begin XCBuildConfiguration section */
		4F2ACB7C1D24F09A00F4F7FE /* Debug */ = {
			isa = XCBuildConfiguration;
			buildSettings = {
				ALWAYS_SEARCH_USER_PATHS = NO;
				CLANG_ANALYZER_NONNULL = YES;
				CLANG_CXX_LANGUAGE_STANDARD = "gnu++0x";
				CLANG_CXX_LIBRARY = "libc++";
				CLANG_ENABLE_MODULES = YES;
				CLANG_ENABLE_OBJC_ARC = YES;
				CLANG_WARN_BOOL_CONVERSION = YES;
				CLANG_WARN_CONSTANT_CONVERSION = YES;
				CLANG_WARN_DIRECT_OBJC_ISA_USAGE = YES_ERROR;
				CLANG_WARN_EMPTY_BODY = YES;
				CLANG_WARN_ENUM_CONVERSION = YES;
				CLANG_WARN_INT_CONVERSION = YES;
				CLANG_WARN_OBJC_ROOT_CLASS = YES_ERROR;
				CLANG_WARN_UNREACHABLE_CODE = YES;
				CLANG_WARN__DUPLICATE_METHOD_MATCH = YES;
				"CODE_SIGN_IDENTITY[sdk=iphoneos*]" = "iPhone Developer";
				COPY_PHASE_STRIP = NO;
				DEBUG_INFORMATION_FORMAT = dwarf;
				ENABLE_STRICT_OBJC_MSGSEND = YES;
				ENABLE_TESTABILITY = YES;
				GCC_C_LANGUAGE_STANDARD = gnu99;
				GCC_DYNAMIC_NO_PIC = NO;
				GCC_NO_COMMON_BLOCKS = YES;
				GCC_OPTIMIZATION_LEVEL = 0;
				GCC_PREPROCESSOR_DEFINITIONS = (
					"DEBUG=1",
					"$(inherited)",
				);
				GCC_WARN_64_TO_32_BIT_CONVERSION = YES;
				GCC_WARN_ABOUT_RETURN_TYPE = YES_ERROR;
				GCC_WARN_UNDECLARED_SELECTOR = YES;
				GCC_WARN_UNINITIALIZED_AUTOS = YES_AGGRESSIVE;
				GCC_WARN_UNUSED_FUNCTION = YES;
				GCC_WARN_UNUSED_VARIABLE = YES;
				IPHONEOS_DEPLOYMENT_TARGET = 9.3;
				MTL_ENABLE_DEBUG_INFO = YES;
				ONLY_ACTIVE_ARCH = YES;
				SDKROOT = iphoneos;
				SWIFT_INCLUDE_PATHS = "${SRCROOT}/Sources/CommonCrypto";
				SWIFT_OPTIMIZATION_LEVEL = "-Onone";
			};
			name = Debug;
		};
		4F2ACB7D1D24F09A00F4F7FE /* Release */ = {
			isa = XCBuildConfiguration;
			buildSettings = {
				ALWAYS_SEARCH_USER_PATHS = NO;
				CLANG_ANALYZER_NONNULL = YES;
				CLANG_CXX_LANGUAGE_STANDARD = "gnu++0x";
				CLANG_CXX_LIBRARY = "libc++";
				CLANG_ENABLE_MODULES = YES;
				CLANG_ENABLE_OBJC_ARC = YES;
				CLANG_WARN_BOOL_CONVERSION = YES;
				CLANG_WARN_CONSTANT_CONVERSION = YES;
				CLANG_WARN_DIRECT_OBJC_ISA_USAGE = YES_ERROR;
				CLANG_WARN_EMPTY_BODY = YES;
				CLANG_WARN_ENUM_CONVERSION = YES;
				CLANG_WARN_INT_CONVERSION = YES;
				CLANG_WARN_OBJC_ROOT_CLASS = YES_ERROR;
				CLANG_WARN_UNREACHABLE_CODE = YES;
				CLANG_WARN__DUPLICATE_METHOD_MATCH = YES;
				"CODE_SIGN_IDENTITY[sdk=iphoneos*]" = "iPhone Developer";
				COPY_PHASE_STRIP = NO;
				DEBUG_INFORMATION_FORMAT = "dwarf-with-dsym";
				ENABLE_NS_ASSERTIONS = NO;
				ENABLE_STRICT_OBJC_MSGSEND = YES;
				GCC_C_LANGUAGE_STANDARD = gnu99;
				GCC_NO_COMMON_BLOCKS = YES;
				GCC_WARN_64_TO_32_BIT_CONVERSION = YES;
				GCC_WARN_ABOUT_RETURN_TYPE = YES_ERROR;
				GCC_WARN_UNDECLARED_SELECTOR = YES;
				GCC_WARN_UNINITIALIZED_AUTOS = YES_AGGRESSIVE;
				GCC_WARN_UNUSED_FUNCTION = YES;
				GCC_WARN_UNUSED_VARIABLE = YES;
				IPHONEOS_DEPLOYMENT_TARGET = 9.3;
				MTL_ENABLE_DEBUG_INFO = NO;
				SDKROOT = iphoneos;
				SWIFT_INCLUDE_PATHS = "${SRCROOT}/Sources/CommonCrypto";
				VALIDATE_PRODUCT = YES;
			};
			name = Release;
		};
		4F2ACB7F1D24F09A00F4F7FE /* Debug */ = {
			isa = XCBuildConfiguration;
			buildSettings = {
				ASSETCATALOG_COMPILER_APPICON_NAME = AppIcon;
				EMBEDDED_CONTENT_CONTAINS_SWIFT = YES;
				INFOPLIST_FILE = HashableDemo/Info.plist;
				LD_RUNPATH_SEARCH_PATHS = "$(inherited) @executable_path/Frameworks";
				PRODUCT_BUNDLE_IDENTIFIER = me.fromkk.HashableDemo;
				PRODUCT_NAME = "$(TARGET_NAME)";
				SWIFT_INCLUDE_PATHS = "${SRCROOT}/Sources/CommonCrypto";
			};
			name = Debug;
		};
		4F2ACB801D24F09A00F4F7FE /* Release */ = {
			isa = XCBuildConfiguration;
			buildSettings = {
				ASSETCATALOG_COMPILER_APPICON_NAME = AppIcon;
				EMBEDDED_CONTENT_CONTAINS_SWIFT = YES;
				INFOPLIST_FILE = HashableDemo/Info.plist;
				LD_RUNPATH_SEARCH_PATHS = "$(inherited) @executable_path/Frameworks";
				PRODUCT_BUNDLE_IDENTIFIER = me.fromkk.HashableDemo;
				PRODUCT_NAME = "$(TARGET_NAME)";
				SWIFT_INCLUDE_PATHS = "${SRCROOT}/Sources/CommonCrypto";
			};
			name = Release;
		};
		4F2ACB821D24F09A00F4F7FE /* Debug */ = {
			isa = XCBuildConfiguration;
			buildSettings = {
				BUNDLE_LOADER = "$(TEST_HOST)";
				INFOPLIST_FILE = HashableDemoTests/Info.plist;
				LD_RUNPATH_SEARCH_PATHS = "$(inherited) @executable_path/Frameworks @loader_path/Frameworks";
				PRODUCT_BUNDLE_IDENTIFIER = me.fromkk.HashableDemoTests;
				PRODUCT_NAME = "$(TARGET_NAME)";
				TEST_HOST = "$(BUILT_PRODUCTS_DIR)/HashableDemo.app/HashableDemo";
			};
			name = Debug;
		};
		4F2ACB831D24F09A00F4F7FE /* Release */ = {
			isa = XCBuildConfiguration;
			buildSettings = {
				BUNDLE_LOADER = "$(TEST_HOST)";
				INFOPLIST_FILE = HashableDemoTests/Info.plist;
				LD_RUNPATH_SEARCH_PATHS = "$(inherited) @executable_path/Frameworks @loader_path/Frameworks";
				PRODUCT_BUNDLE_IDENTIFIER = me.fromkk.HashableDemoTests;
				PRODUCT_NAME = "$(TARGET_NAME)";
				TEST_HOST = "$(BUILT_PRODUCTS_DIR)/HashableDemo.app/HashableDemo";
			};
			name = Release;
		};
		4F2ACB851D24F09A00F4F7FE /* Debug */ = {
			isa = XCBuildConfiguration;
			buildSettings = {
				INFOPLIST_FILE = HashableDemoUITests/Info.plist;
				LD_RUNPATH_SEARCH_PATHS = "$(inherited) @executable_path/Frameworks @loader_path/Frameworks";
				PRODUCT_BUNDLE_IDENTIFIER = me.fromkk.HashableDemoUITests;
				PRODUCT_NAME = "$(TARGET_NAME)";
				TEST_TARGET_NAME = HashableDemo;
			};
			name = Debug;
		};
		4F2ACB861D24F09A00F4F7FE /* Release */ = {
			isa = XCBuildConfiguration;
			buildSettings = {
				INFOPLIST_FILE = HashableDemoUITests/Info.plist;
				LD_RUNPATH_SEARCH_PATHS = "$(inherited) @executable_path/Frameworks @loader_path/Frameworks";
				PRODUCT_BUNDLE_IDENTIFIER = me.fromkk.HashableDemoUITests;
				PRODUCT_NAME = "$(TARGET_NAME)";
				TEST_TARGET_NAME = HashableDemo;
			};
			name = Release;
		};
		4F2ACBA41D24F0A400F4F7FE /* Debug */ = {
			isa = XCBuildConfiguration;
			buildSettings = {
				CLANG_ENABLE_MODULES = YES;
				CURRENT_PROJECT_VERSION = 1;
				DEFINES_MODULE = YES;
				DYLIB_COMPATIBILITY_VERSION = 1;
				DYLIB_CURRENT_VERSION = 1;
				DYLIB_INSTALL_NAME_BASE = "@rpath";
				INFOPLIST_FILE = Hashable/Info.plist;
				INSTALL_PATH = "$(LOCAL_LIBRARY_DIR)/Frameworks";
				LD_RUNPATH_SEARCH_PATHS = "$(inherited) @executable_path/Frameworks @loader_path/Frameworks";
				PRODUCT_BUNDLE_IDENTIFIER = me.fromkk.Hashable;
				PRODUCT_NAME = "$(TARGET_NAME)";
				SKIP_INSTALL = YES;
				SWIFT_INCLUDE_PATHS = "${SRCROOT}/Sources/CommonCrypto";
				SWIFT_OPTIMIZATION_LEVEL = "-Onone";
				TARGETED_DEVICE_FAMILY = "1,2";
				VERSIONING_SYSTEM = "apple-generic";
				VERSION_INFO_PREFIX = "";
			};
			name = Debug;
		};
		4F2ACBA51D24F0A400F4F7FE /* Release */ = {
			isa = XCBuildConfiguration;
			buildSettings = {
				CLANG_ENABLE_MODULES = YES;
				CURRENT_PROJECT_VERSION = 1;
				DEFINES_MODULE = YES;
				DYLIB_COMPATIBILITY_VERSION = 1;
				DYLIB_CURRENT_VERSION = 1;
				DYLIB_INSTALL_NAME_BASE = "@rpath";
				INFOPLIST_FILE = Hashable/Info.plist;
				INSTALL_PATH = "$(LOCAL_LIBRARY_DIR)/Frameworks";
				LD_RUNPATH_SEARCH_PATHS = "$(inherited) @executable_path/Frameworks @loader_path/Frameworks";
				PRODUCT_BUNDLE_IDENTIFIER = me.fromkk.Hashable;
				PRODUCT_NAME = "$(TARGET_NAME)";
				SKIP_INSTALL = YES;
				SWIFT_INCLUDE_PATHS = "${SRCROOT}/Sources/CommonCrypto";
				TARGETED_DEVICE_FAMILY = "1,2";
				VERSIONING_SYSTEM = "apple-generic";
				VERSION_INFO_PREFIX = "";
			};
			name = Release;
		};
		4F2ACBA81D24F0A400F4F7FE /* Debug */ = {
			isa = XCBuildConfiguration;
			buildSettings = {
				INFOPLIST_FILE = HashableTests/Info.plist;
				LD_RUNPATH_SEARCH_PATHS = "$(inherited) @executable_path/Frameworks @loader_path/Frameworks";
				PRODUCT_BUNDLE_IDENTIFIER = me.fromkk.HashableTests;
				PRODUCT_NAME = "$(TARGET_NAME)";
				TEST_HOST = "$(BUILT_PRODUCTS_DIR)/HashableDemo.app/HashableDemo";
			};
			name = Debug;
		};
		4F2ACBA91D24F0A400F4F7FE /* Release */ = {
			isa = XCBuildConfiguration;
			buildSettings = {
				INFOPLIST_FILE = HashableTests/Info.plist;
				LD_RUNPATH_SEARCH_PATHS = "$(inherited) @executable_path/Frameworks @loader_path/Frameworks";
				PRODUCT_BUNDLE_IDENTIFIER = me.fromkk.HashableTests;
				PRODUCT_NAME = "$(TARGET_NAME)";
				TEST_HOST = "$(BUILT_PRODUCTS_DIR)/HashableDemo.app/HashableDemo";
			};
			name = Release;
		};
/* End XCBuildConfiguration section */

/* Begin XCConfigurationList section */
		4F2ACB511D24F09900F4F7FE /* Build configuration list for PBXProject "HashableDemo" */ = {
			isa = XCConfigurationList;
			buildConfigurations = (
				4F2ACB7C1D24F09A00F4F7FE /* Debug */,
				4F2ACB7D1D24F09A00F4F7FE /* Release */,
			);
			defaultConfigurationIsVisible = 0;
			defaultConfigurationName = Release;
		};
		4F2ACB7E1D24F09A00F4F7FE /* Build configuration list for PBXNativeTarget "HashableDemo" */ = {
			isa = XCConfigurationList;
			buildConfigurations = (
				4F2ACB7F1D24F09A00F4F7FE /* Debug */,
				4F2ACB801D24F09A00F4F7FE /* Release */,
			);
			defaultConfigurationIsVisible = 0;
		};
		4F2ACB811D24F09A00F4F7FE /* Build configuration list for PBXNativeTarget "HashableDemoTests" */ = {
			isa = XCConfigurationList;
			buildConfigurations = (
				4F2ACB821D24F09A00F4F7FE /* Debug */,
				4F2ACB831D24F09A00F4F7FE /* Release */,
			);
			defaultConfigurationIsVisible = 0;
		};
		4F2ACB841D24F09A00F4F7FE /* Build configuration list for PBXNativeTarget "HashableDemoUITests" */ = {
			isa = XCConfigurationList;
			buildConfigurations = (
				4F2ACB851D24F09A00F4F7FE /* Debug */,
				4F2ACB861D24F09A00F4F7FE /* Release */,
			);
			defaultConfigurationIsVisible = 0;
		};
		4F2ACBA31D24F0A400F4F7FE /* Build configuration list for PBXNativeTarget "Hashable" */ = {
			isa = XCConfigurationList;
			buildConfigurations = (
				4F2ACBA41D24F0A400F4F7FE /* Debug */,
				4F2ACBA51D24F0A400F4F7FE /* Release */,
			);
			defaultConfigurationIsVisible = 0;
		};
		4F2ACBA71D24F0A400F4F7FE /* Build configuration list for PBXNativeTarget "HashableTests" */ = {
			isa = XCConfigurationList;
			buildConfigurations = (
				4F2ACBA81D24F0A400F4F7FE /* Debug */,
				4F2ACBA91D24F0A400F4F7FE /* Release */,
			);
			defaultConfigurationIsVisible = 0;
		};
/* End XCConfigurationList section */
	};
	rootObject = 4F2ACB4E1D24F09900F4F7FE /* Project object */;
}
